
Microsoft Visual Studio Solution File, Format Version 12.00
# Visual Studio Version 17
VisualStudioVersion = 17.14.36429.23
MinimumVisualStudioVersion = 10.0.40219.1
Project("{FAE04EC0-301F-11D3-BF4B-00C04F79EFBC}") = "Abstracciones", "Abstracciones\Abstracciones.csproj", "{C5BF9944-52DC-4216-A1A3-39F161759436}"
EndProject
Project("{FAE04EC0-301F-11D3-BF4B-00C04F79EFBC}") = "Reglas", "Reglas\Reglas.csproj", "{57881B29-942C-4789-AFDF-13A1FC747E9F}"
EndProject
Project("{FAE04EC0-301F-11D3-BF4B-00C04F79EFBC}") = "Web", "Web\Web.csproj", "{42E7F3AA-F8A2-4BDD-893B-3DBBED7AEBDC}"
EndProject
Global
	GlobalSection(SolutionConfigurationPlatforms) = preSolution
		Debug|Any CPU = Debug|Any CPU
		Release|Any CPU = Release|Any CPU
	EndGlobalSection
	GlobalSection(ProjectConfigurationPlatforms) = postSolution
		{C5BF9944-52DC-4216-A1A3-39F161759436}.Debug|Any CPU.ActiveCfg = Debug|Any CPU
		{C5BF9944-52DC-4216-A1A3-39F161759436}.Debug|Any CPU.Build.0 = Debug|Any CPU
		{C5BF9944-52DC-4216-A1A3-39F161759436}.Release|Any CPU.ActiveCfg = Release|Any CPU
		{C5BF9944-52DC-4216-A1A3-39F161759436}.Release|Any CPU.Build.0 = Release|Any CPU
		{57881B29-942C-4789-AFDF-13A1FC747E9F}.Debug|Any CPU.ActiveCfg = Debug|Any CPU
		{57881B29-942C-4789-AFDF-13A1FC747E9F}.Debug|Any CPU.Build.0 = Debug|Any CPU
		{57881B29-942C-4789-AFDF-13A1FC747E9F}.Release|Any CPU.ActiveCfg = Release|Any CPU
		{57881B29-942C-4789-AFDF-13A1FC747E9F}.Release|Any CPU.Build.0 = Release|Any CPU
		{42E7F3AA-F8A2-4BDD-893B-3DBBED7AEBDC}.Debug|Any CPU.ActiveCfg = Debug|Any CPU
		{42E7F3AA-F8A2-4BDD-893B-3DBBED7AEBDC}.Debug|Any CPU.Build.0 = Debug|Any CPU
		{42E7F3AA-F8A2-4BDD-893B-3DBBED7AEBDC}.Release|Any CPU.ActiveCfg = Release|Any CPU
		{42E7F3AA-F8A2-4BDD-893B-3DBBED7AEBDC}.Release|Any CPU.Build.0 = Release|Any CPU
	EndGlobalSection
	GlobalSection(SolutionProperties) = preSolution
		HideSolutionNode = FALSE
	EndGlobalSection
	GlobalSection(ExtensibilityGlobals) = postSolution
		SolutionGuid = {D6C72F90-A6DA-4329-9E43-EC0C96B926BF}
	EndGlobalSection
EndGlobal
